// !$*UTF8*$!
{
	archiveVersion = 1;
	classes = {
	};
	objectVersion = 50;
	objects = {

/* Begin PBXBuildFile section */
		691C7DFE257CFB93006A82EB /* RecipieTableViewCell.swift in Sources */ = {isa = PBXBuildFile; fileRef = 691C7DFD257CFB93006A82EB /* RecipieTableViewCell.swift */; };
		691C7E01257CFBBB006A82EB /* RecipiesViewController.swift in Sources */ = {isa = PBXBuildFile; fileRef = 691C7E00257CFBBB006A82EB /* RecipiesViewController.swift */; };
		691C7E04257CFC65006A82EB /* FavouritiesViewController.swift in Sources */ = {isa = PBXBuildFile; fileRef = 691C7E03257CFC65006A82EB /* FavouritiesViewController.swift */; };
		691C7E07257CFCE8006A82EB /* GroceryListViewController.swift in Sources */ = {isa = PBXBuildFile; fileRef = 691C7E06257CFCE8006A82EB /* GroceryListViewController.swift */; };
		691C7E0A257CFD33006A82EB /* FavouritiesTableViewCell.swift in Sources */ = {isa = PBXBuildFile; fileRef = 691C7E09257CFD33006A82EB /* FavouritiesTableViewCell.swift */; };
		691C7E14257CFFCA006A82EB /* GroceryListTableViewCell.swift in Sources */ = {isa = PBXBuildFile; fileRef = 691C7E13257CFFCA006A82EB /* GroceryListTableViewCell.swift */; };
		691C7E1A257D3394006A82EB /* MainTabBarController.swift in Sources */ = {isa = PBXBuildFile; fileRef = 691C7E19257D3393006A82EB /* MainTabBarController.swift */; };
		695D2C9D2587B9A200F170C3 /* GroceryListAddEditViewController.swift in Sources */ = {isa = PBXBuildFile; fileRef = 695D2C9C2587B9A200F170C3 /* GroceryListAddEditViewController.swift */; };
		6973A49B257DC9BF00F48C67 /* ItemAddViewController.swift in Sources */ = {isa = PBXBuildFile; fileRef = 6973A49A257DC9BF00F48C67 /* ItemAddViewController.swift */; };
		6973A49F257DCACD00F48C67 /* ItemEditViewController.swift in Sources */ = {isa = PBXBuildFile; fileRef = 6973A49E257DCACD00F48C67 /* ItemEditViewController.swift */; };
		6973A4A2257DCB0700F48C67 /* RecipieViewController.swift in Sources */ = {isa = PBXBuildFile; fileRef = 6973A4A1257DCB0700F48C67 /* RecipieViewController.swift */; };
		6973A4A9257DD77A00F48C67 /* Item.swift in Sources */ = {isa = PBXBuildFile; fileRef = 6973A4A8257DD77A00F48C67 /* Item.swift */; };
		6973A4AE257DE66D00F48C67 /* GroceryList.swift in Sources */ = {isa = PBXBuildFile; fileRef = 6973A4AD257DE66D00F48C67 /* GroceryList.swift */; };
		6973A4B1257DE89000F48C67 /* Favourite.swift in Sources */ = {isa = PBXBuildFile; fileRef = 6973A4B0257DE89000F48C67 /* Favourite.swift */; };
		69DE85FB257A86C100CFAF28 /* ItemsViewController.swift in Sources */ = {isa = PBXBuildFile; fileRef = 69DE85FA257A86C100CFAF28 /* ItemsViewController.swift */; };
		69DE8600257A87EC00CFAF28 /* ItemTableViewCell.swift in Sources */ = {isa = PBXBuildFile; fileRef = 69DE85FF257A87EC00CFAF28 /* ItemTableViewCell.swift */; };
		69DE8603257B231300CFAF28 /* SettingsViewController.swift in Sources */ = {isa = PBXBuildFile; fileRef = 69DE8602257B231300CFAF28 /* SettingsViewController.swift */; };
		69DE8606257B23C200CFAF28 /* SettingTableViewCell.swift in Sources */ = {isa = PBXBuildFile; fileRef = 69DE8605257B23C200CFAF28 /* SettingTableViewCell.swift */; };
		69EE1C4C25778B50003EAEDC /* AppDelegate.swift in Sources */ = {isa = PBXBuildFile; fileRef = 69EE1C4B25778B50003EAEDC /* AppDelegate.swift */; };
		69EE1C4E25778B50003EAEDC /* SceneDelegate.swift in Sources */ = {isa = PBXBuildFile; fileRef = 69EE1C4D25778B50003EAEDC /* SceneDelegate.swift */; };
		69EE1C5325778B50003EAEDC /* Main.storyboard in Resources */ = {isa = PBXBuildFile; fileRef = 69EE1C5125778B50003EAEDC /* Main.storyboard */; };
		69EE1C5525778B55003EAEDC /* Assets.xcassets in Resources */ = {isa = PBXBuildFile; fileRef = 69EE1C5425778B55003EAEDC /* Assets.xcassets */; };
		69EE1C5825778B55003EAEDC /* LaunchScreen.storyboard in Resources */ = {isa = PBXBuildFile; fileRef = 69EE1C5625778B55003EAEDC /* LaunchScreen.storyboard */; };
		6D8C09562580E53B0003D438 /* RecipeItems.swift in Sources */ = {isa = PBXBuildFile; fileRef = 6D8C09552580E53B0003D438 /* RecipeItems.swift */; };
/* End PBXBuildFile section */

/* Begin PBXFileReference section */
		691C7DFD257CFB93006A82EB /* RecipieTableViewCell.swift */ = {isa = PBXFileReference; lastKnownFileType = sourcecode.swift; path = RecipieTableViewCell.swift; sourceTree = "<group>"; };
		691C7E00257CFBBB006A82EB /* RecipiesViewController.swift */ = {isa = PBXFileReference; lastKnownFileType = sourcecode.swift; path = RecipiesViewController.swift; sourceTree = "<group>"; };
		691C7E03257CFC65006A82EB /* FavouritiesViewController.swift */ = {isa = PBXFileReference; lastKnownFileType = sourcecode.swift; path = FavouritiesViewController.swift; sourceTree = "<group>"; };
		691C7E06257CFCE8006A82EB /* GroceryListViewController.swift */ = {isa = PBXFileReference; lastKnownFileType = sourcecode.swift; path = GroceryListViewController.swift; sourceTree = "<group>"; };
		691C7E09257CFD33006A82EB /* FavouritiesTableViewCell.swift */ = {isa = PBXFileReference; lastKnownFileType = sourcecode.swift; path = FavouritiesTableViewCell.swift; sourceTree = "<group>"; };
		691C7E13257CFFCA006A82EB /* GroceryListTableViewCell.swift */ = {isa = PBXFileReference; lastKnownFileType = sourcecode.swift; path = GroceryListTableViewCell.swift; sourceTree = "<group>"; };
		691C7E19257D3393006A82EB /* MainTabBarController.swift */ = {isa = PBXFileReference; lastKnownFileType = sourcecode.swift; path = MainTabBarController.swift; sourceTree = "<group>"; };
		695D2C9C2587B9A200F170C3 /* GroceryListAddEditViewController.swift */ = {isa = PBXFileReference; lastKnownFileType = sourcecode.swift; path = GroceryListAddEditViewController.swift; sourceTree = "<group>"; };
		6973A49A257DC9BF00F48C67 /* ItemAddViewController.swift */ = {isa = PBXFileReference; lastKnownFileType = sourcecode.swift; path = ItemAddViewController.swift; sourceTree = "<group>"; };
		6973A49E257DCACD00F48C67 /* ItemEditViewController.swift */ = {isa = PBXFileReference; lastKnownFileType = sourcecode.swift; path = ItemEditViewController.swift; sourceTree = "<group>"; };
		6973A4A1257DCB0700F48C67 /* RecipieViewController.swift */ = {isa = PBXFileReference; lastKnownFileType = sourcecode.swift; path = RecipieViewController.swift; sourceTree = "<group>"; };
		6973A4A8257DD77A00F48C67 /* Item.swift */ = {isa = PBXFileReference; lastKnownFileType = sourcecode.swift; path = Item.swift; sourceTree = "<group>"; };
		6973A4AD257DE66D00F48C67 /* GroceryList.swift */ = {isa = PBXFileReference; lastKnownFileType = sourcecode.swift; path = GroceryList.swift; sourceTree = "<group>"; };
		6973A4B0257DE89000F48C67 /* Favourite.swift */ = {isa = PBXFileReference; lastKnownFileType = sourcecode.swift; path = Favourite.swift; sourceTree = "<group>"; };
		69DE85FA257A86C100CFAF28 /* ItemsViewController.swift */ = {isa = PBXFileReference; lastKnownFileType = sourcecode.swift; path = ItemsViewController.swift; sourceTree = "<group>"; };
		69DE85FF257A87EC00CFAF28 /* ItemTableViewCell.swift */ = {isa = PBXFileReference; lastKnownFileType = sourcecode.swift; path = ItemTableViewCell.swift; sourceTree = "<group>"; };
		69DE8602257B231300CFAF28 /* SettingsViewController.swift */ = {isa = PBXFileReference; lastKnownFileType = sourcecode.swift; path = SettingsViewController.swift; sourceTree = "<group>"; };
		69DE8605257B23C200CFAF28 /* SettingTableViewCell.swift */ = {isa = PBXFileReference; lastKnownFileType = sourcecode.swift; path = SettingTableViewCell.swift; sourceTree = "<group>"; };
		69EE1C4825778B50003EAEDC /* SAP group 12.app */ = {isa = PBXFileReference; explicitFileType = wrapper.application; includeInIndex = 0; path = "SAP group 12.app"; sourceTree = BUILT_PRODUCTS_DIR; };
		69EE1C4B25778B50003EAEDC /* AppDelegate.swift */ = {isa = PBXFileReference; lastKnownFileType = sourcecode.swift; path = AppDelegate.swift; sourceTree = "<group>"; };
		69EE1C4D25778B50003EAEDC /* SceneDelegate.swift */ = {isa = PBXFileReference; lastKnownFileType = sourcecode.swift; path = SceneDelegate.swift; sourceTree = "<group>"; };
		69EE1C5225778B50003EAEDC /* Base */ = {isa = PBXFileReference; lastKnownFileType = file.storyboard; name = Base; path = Base.lproj/Main.storyboard; sourceTree = "<group>"; };
		69EE1C5425778B55003EAEDC /* Assets.xcassets */ = {isa = PBXFileReference; lastKnownFileType = folder.assetcatalog; path = Assets.xcassets; sourceTree = "<group>"; };
		69EE1C5725778B55003EAEDC /* Base */ = {isa = PBXFileReference; lastKnownFileType = file.storyboard; name = Base; path = Base.lproj/LaunchScreen.storyboard; sourceTree = "<group>"; };
		69EE1C5925778B55003EAEDC /* Info.plist */ = {isa = PBXFileReference; lastKnownFileType = text.plist.xml; path = Info.plist; sourceTree = "<group>"; };
		6D8C09552580E53B0003D438 /* RecipeItems.swift */ = {isa = PBXFileReference; lastKnownFileType = sourcecode.swift; path = RecipeItems.swift; sourceTree = "<group>"; };
/* End PBXFileReference section */

/* Begin PBXFrameworksBuildPhase section */
		69EE1C4525778B50003EAEDC /* Frameworks */ = {
			isa = PBXFrameworksBuildPhase;
			buildActionMask = 2147483647;
			files = (
			);
			runOnlyForDeploymentPostprocessing = 0;
		};
/* End PBXFrameworksBuildPhase section */

/* Begin PBXGroup section */
		691C7E0C257CFE48006A82EB /* Favourities */ = {
			isa = PBXGroup;
			children = (
				6973A4B0257DE89000F48C67 /* Favourite.swift */,
				691C7E09257CFD33006A82EB /* FavouritiesTableViewCell.swift */,
				691C7E03257CFC65006A82EB /* FavouritiesViewController.swift */,
			);
			path = Favourities;
			sourceTree = "<group>";
		};
		691C7E0D257CFE5C006A82EB /* Recipies */ = {
			isa = PBXGroup;
			children = (
				6973A4A1257DCB0700F48C67 /* RecipieViewController.swift */,
				691C7E00257CFBBB006A82EB /* RecipiesViewController.swift */,
				691C7DFD257CFB93006A82EB /* RecipieTableViewCell.swift */,
				6D8C09552580E53B0003D438 /* RecipeItems.swift */,
			);
			path = Recipies;
			sourceTree = "<group>";
		};
		691C7E0E257CFE69006A82EB /* Settings */ = {
			isa = PBXGroup;
			children = (
				69DE8605257B23C200CFAF28 /* SettingTableViewCell.swift */,
				69DE8602257B231300CFAF28 /* SettingsViewController.swift */,
			);
			path = Settings;
			sourceTree = "<group>";
		};
		691C7E0F257CFE74006A82EB /* Items */ = {
			isa = PBXGroup;
			children = (
				6973A49E257DCACD00F48C67 /* ItemEditViewController.swift */,
				6973A4A8257DD77A00F48C67 /* Item.swift */,
				6973A49A257DC9BF00F48C67 /* ItemAddViewController.swift */,
				69DE85FF257A87EC00CFAF28 /* ItemTableViewCell.swift */,
				69DE85FA257A86C100CFAF28 /* ItemsViewController.swift */,
			);
			path = Items;
			sourceTree = "<group>";
		};
		691C7E16257CFFD8006A82EB /* Grocery List */ = {
			isa = PBXGroup;
			children = (
				695D2C9C2587B9A200F170C3 /* GroceryListAddEditViewController.swift */,
				6973A4AD257DE66D00F48C67 /* GroceryList.swift */,
				691C7E06257CFCE8006A82EB /* GroceryListViewController.swift */,
				691C7E13257CFFCA006A82EB /* GroceryListTableViewCell.swift */,
			);
			path = "Grocery List";
			sourceTree = "<group>";
		};
		69EE1C3F25778B50003EAEDC = {
			isa = PBXGroup;
			children = (
				69EE1C4A25778B50003EAEDC /* SAP group 12 */,
				69EE1C4925778B50003EAEDC /* Products */,
			);
			sourceTree = "<group>";
		};
		69EE1C4925778B50003EAEDC /* Products */ = {
			isa = PBXGroup;
			children = (
				69EE1C4825778B50003EAEDC /* SAP group 12.app */,
			);
			name = Products;
			sourceTree = "<group>";
		};
		69EE1C4A25778B50003EAEDC /* SAP group 12 */ = {
			isa = PBXGroup;
			children = (
				69EE1C4B25778B50003EAEDC /* AppDelegate.swift */,
				69EE1C4D25778B50003EAEDC /* SceneDelegate.swift */,
				69EE1C5125778B50003EAEDC /* Main.storyboard */,
				691C7E19257D3393006A82EB /* MainTabBarController.swift */,
				691C7E16257CFFD8006A82EB /* Grocery List */,
				691C7E0C257CFE48006A82EB /* Favourities */,
				691C7E0D257CFE5C006A82EB /* Recipies */,
				691C7E0E257CFE69006A82EB /* Settings */,
				691C7E0F257CFE74006A82EB /* Items */,
				69EE1C5425778B55003EAEDC /* Assets.xcassets */,
				69EE1C5625778B55003EAEDC /* LaunchScreen.storyboard */,
				69EE1C5925778B55003EAEDC /* Info.plist */,
			);
			path = "SAP group 12";
			sourceTree = "<group>";
		};
/* End PBXGroup section */

/* Begin PBXNativeTarget section */
		69EE1C4725778B50003EAEDC /* SAP group 12 */ = {
			isa = PBXNativeTarget;
			buildConfigurationList = 69EE1C5C25778B55003EAEDC /* Build configuration list for PBXNativeTarget "SAP group 12" */;
			buildPhases = (
				69EE1C4425778B50003EAEDC /* Sources */,
				69EE1C4525778B50003EAEDC /* Frameworks */,
				69EE1C4625778B50003EAEDC /* Resources */,
			);
			buildRules = (
			);
			dependencies = (
			);
			name = "SAP group 12";
			productName = "SAP group 12";
			productReference = 69EE1C4825778B50003EAEDC /* SAP group 12.app */;
			productType = "com.apple.product-type.application";
		};
/* End PBXNativeTarget section */

/* Begin PBXProject section */
		69EE1C4025778B50003EAEDC /* Project object */ = {
			isa = PBXProject;
			attributes = {
				LastSwiftUpdateCheck = 1220;
				LastUpgradeCheck = 1220;
				TargetAttributes = {
					69EE1C4725778B50003EAEDC = {
						CreatedOnToolsVersion = 12.2;
					};
				};
			};
			buildConfigurationList = 69EE1C4325778B50003EAEDC /* Build configuration list for PBXProject "SAP group 12" */;
			compatibilityVersion = "Xcode 9.3";
			developmentRegion = en;
			hasScannedForEncodings = 0;
			knownRegions = (
				en,
				Base,
			);
			mainGroup = 69EE1C3F25778B50003EAEDC;
			productRefGroup = 69EE1C4925778B50003EAEDC /* Products */;
			projectDirPath = "";
			projectRoot = "";
			targets = (
				69EE1C4725778B50003EAEDC /* SAP group 12 */,
			);
		};
/* End PBXProject section */

/* Begin PBXResourcesBuildPhase section */
		69EE1C4625778B50003EAEDC /* Resources */ = {
			isa = PBXResourcesBuildPhase;
			buildActionMask = 2147483647;
			files = (
				69EE1C5825778B55003EAEDC /* LaunchScreen.storyboard in Resources */,
				69EE1C5525778B55003EAEDC /* Assets.xcassets in Resources */,
				69EE1C5325778B50003EAEDC /* Main.storyboard in Resources */,
			);
			runOnlyForDeploymentPostprocessing = 0;
		};
/* End PBXResourcesBuildPhase section */

/* Begin PBXSourcesBuildPhase section */
		69EE1C4425778B50003EAEDC /* Sources */ = {
			isa = PBXSourcesBuildPhase;
			buildActionMask = 2147483647;
			files = (
				6973A4B1257DE89000F48C67 /* Favourite.swift in Sources */,
				691C7E0A257CFD33006A82EB /* FavouritiesTableViewCell.swift in Sources */,
				6973A4AE257DE66D00F48C67 /* GroceryList.swift in Sources */,
				691C7E07257CFCE8006A82EB /* GroceryListViewController.swift in Sources */,
				6973A4A9257DD77A00F48C67 /* Item.swift in Sources */,
				69DE8606257B23C200CFAF28 /* SettingTableViewCell.swift in Sources */,
				69DE8600257A87EC00CFAF28 /* ItemTableViewCell.swift in Sources */,
				691C7E01257CFBBB006A82EB /* RecipiesViewController.swift in Sources */,
				691C7DFE257CFB93006A82EB /* RecipieTableViewCell.swift in Sources */,
				6973A4A2257DCB0700F48C67 /* RecipieViewController.swift in Sources */,
				6D8C09562580E53B0003D438 /* RecipeItems.swift in Sources */,
				6973A49F257DCACD00F48C67 /* ItemEditViewController.swift in Sources */,
				691C7E04257CFC65006A82EB /* FavouritiesViewController.swift in Sources */,
				691C7E1A257D3394006A82EB /* MainTabBarController.swift in Sources */,
				691C7E14257CFFCA006A82EB /* GroceryListTableViewCell.swift in Sources */,
				6973A49B257DC9BF00F48C67 /* ItemAddViewController.swift in Sources */,
				69DE85FB257A86C100CFAF28 /* ItemsViewController.swift in Sources */,
				69EE1C4C25778B50003EAEDC /* AppDelegate.swift in Sources */,
				695D2C9D2587B9A200F170C3 /* GroceryListAddEditViewController.swift in Sources */,
				69DE8603257B231300CFAF28 /* SettingsViewController.swift in Sources */,
				69EE1C4E25778B50003EAEDC /* SceneDelegate.swift in Sources */,
			);
			runOnlyForDeploymentPostprocessing = 0;
		};
/* End PBXSourcesBuildPhase section */

/* Begin PBXVariantGroup section */
		69EE1C5125778B50003EAEDC /* Main.storyboard */ = {
			isa = PBXVariantGroup;
			children = (
				69EE1C5225778B50003EAEDC /* Base */,
			);
			name = Main.storyboard;
			sourceTree = "<group>";
		};
		69EE1C5625778B55003EAEDC /* LaunchScreen.storyboard */ = {
			isa = PBXVariantGroup;
			children = (
				69EE1C5725778B55003EAEDC /* Base */,
			);
			name = LaunchScreen.storyboard;
			sourceTree = "<group>";
		};
/* End PBXVariantGroup section */

/* Begin XCBuildConfiguration section */
		69EE1C5A25778B55003EAEDC /* Debug */ = {
			isa = XCBuildConfiguration;
			buildSettings = {
				ALWAYS_SEARCH_USER_PATHS = NO;
				CLANG_ANALYZER_NONNULL = YES;
				CLANG_ANALYZER_NUMBER_OBJECT_CONVERSION = YES_AGGRESSIVE;
				CLANG_CXX_LANGUAGE_STANDARD = "gnu++14";
				CLANG_CXX_LIBRARY = "libc++";
				CLANG_ENABLE_MODULES = YES;
				CLANG_ENABLE_OBJC_ARC = YES;
				CLANG_ENABLE_OBJC_WEAK = YES;
				CLANG_WARN_BLOCK_CAPTURE_AUTORELEASING = YES;
				CLANG_WARN_BOOL_CONVERSION = YES;
				CLANG_WARN_COMMA = YES;
				CLANG_WARN_CONSTANT_CONVERSION = YES;
				CLANG_WARN_DEPRECATED_OBJC_IMPLEMENTATIONS = YES;
				CLANG_WARN_DIRECT_OBJC_ISA_USAGE = YES_ERROR;
				CLANG_WARN_DOCUMENTATION_COMMENTS = YES;
				CLANG_WARN_EMPTY_BODY = YES;
				CLANG_WARN_ENUM_CONVERSION = YES;
				CLANG_WARN_INFINITE_RECURSION = YES;
				CLANG_WARN_INT_CONVERSION = YES;
				CLANG_WARN_NON_LITERAL_NULL_CONVERSION = YES;
				CLANG_WARN_OBJC_IMPLICIT_RETAIN_SELF = YES;
				CLANG_WARN_OBJC_LITERAL_CONVERSION = YES;
				CLANG_WARN_OBJC_ROOT_CLASS = YES_ERROR;
				CLANG_WARN_QUOTED_INCLUDE_IN_FRAMEWORK_HEADER = YES;
				CLANG_WARN_RANGE_LOOP_ANALYSIS = YES;
				CLANG_WARN_STRICT_PROTOTYPES = YES;
				CLANG_WARN_SUSPICIOUS_MOVE = YES;
				CLANG_WARN_UNGUARDED_AVAILABILITY = YES_AGGRESSIVE;
				CLANG_WARN_UNREACHABLE_CODE = YES;
				CLANG_WARN__DUPLICATE_METHOD_MATCH = YES;
				COPY_PHASE_STRIP = NO;
				DEBUG_INFORMATION_FORMAT = dwarf;
				ENABLE_STRICT_OBJC_MSGSEND = YES;
				ENABLE_TESTABILITY = YES;
				GCC_C_LANGUAGE_STANDARD = gnu11;
				GCC_DYNAMIC_NO_PIC = NO;
				GCC_NO_COMMON_BLOCKS = YES;
				GCC_OPTIMIZATION_LEVEL = 0;
				GCC_PREPROCESSOR_DEFINITIONS = (
					"DEBUG=1",
					"$(inherited)",
				);
				GCC_WARN_64_TO_32_BIT_CONVERSION = YES;
				GCC_WARN_ABOUT_RETURN_TYPE = YES_ERROR;
				GCC_WARN_UNDECLARED_SELECTOR = YES;
				GCC_WARN_UNINITIALIZED_AUTOS = YES_AGGRESSIVE;
				GCC_WARN_UNUSED_FUNCTION = YES;
				GCC_WARN_UNUSED_VARIABLE = YES;
				IPHONEOS_DEPLOYMENT_TARGET = 14.2;
				MTL_ENABLE_DEBUG_INFO = INCLUDE_SOURCE;
				MTL_FAST_MATH = YES;
				ONLY_ACTIVE_ARCH = YES;
				SDKROOT = iphoneos;
				SWIFT_ACTIVE_COMPILATION_CONDITIONS = DEBUG;
				SWIFT_OPTIMIZATION_LEVEL = "-Onone";
			};
			name = Debug;
		};
		69EE1C5B25778B55003EAEDC /* Release */ = {
			isa = XCBuildConfiguration;
			buildSettings = {
				ALWAYS_SEARCH_USER_PATHS = NO;
				CLANG_ANALYZER_NONNULL = YES;
				CLANG_ANALYZER_NUMBER_OBJECT_CONVERSION = YES_AGGRESSIVE;
				CLANG_CXX_LANGUAGE_STANDARD = "gnu++14";
				CLANG_CXX_LIBRARY = "libc++";
				CLANG_ENABLE_MODULES = YES;
				CLANG_ENABLE_OBJC_ARC = YES;
				CLANG_ENABLE_OBJC_WEAK = YES;
				CLANG_WARN_BLOCK_CAPTURE_AUTORELEASING = YES;
				CLANG_WARN_BOOL_CONVERSION = YES;
				CLANG_WARN_COMMA = YES;
				CLANG_WARN_CONSTANT_CONVERSION = YES;
				CLANG_WARN_DEPRECATED_OBJC_IMPLEMENTATIONS = YES;
				CLANG_WARN_DIRECT_OBJC_ISA_USAGE = YES_ERROR;
				CLANG_WARN_DOCUMENTATION_COMMENTS = YES;
				CLANG_WARN_EMPTY_BODY = YES;
				CLANG_WARN_ENUM_CONVERSION = YES;
				CLANG_WARN_INFINITE_RECURSION = YES;
				CLANG_WARN_INT_CONVERSION = YES;
				CLANG_WARN_NON_LITERAL_NULL_CONVERSION = YES;
				CLANG_WARN_OBJC_IMPLICIT_RETAIN_SELF = YES;
				CLANG_WARN_OBJC_LITERAL_CONVERSION = YES;
				CLANG_WARN_OBJC_ROOT_CLASS = YES_ERROR;
				CLANG_WARN_QUOTED_INCLUDE_IN_FRAMEWORK_HEADER = YES;
				CLANG_WARN_RANGE_LOOP_ANALYSIS = YES;
				CLANG_WARN_STRICT_PROTOTYPES = YES;
				CLANG_WARN_SUSPICIOUS_MOVE = YES;
				CLANG_WARN_UNGUARDED_AVAILABILITY = YES_AGGRESSIVE;
				CLANG_WARN_UNREACHABLE_CODE = YES;
				CLANG_WARN__DUPLICATE_METHOD_MATCH = YES;
				COPY_PHASE_STRIP = NO;
				DEBUG_INFORMATION_FORMAT = "dwarf-with-dsym";
				ENABLE_NS_ASSERTIONS = NO;
				ENABLE_STRICT_OBJC_MSGSEND = YES;
				GCC_C_LANGUAGE_STANDARD = gnu11;
				GCC_NO_COMMON_BLOCKS = YES;
				GCC_WARN_64_TO_32_BIT_CONVERSION = YES;
				GCC_WARN_ABOUT_RETURN_TYPE = YES_ERROR;
				GCC_WARN_UNDECLARED_SELECTOR = YES;
				GCC_WARN_UNINITIALIZED_AUTOS = YES_AGGRESSIVE;
				GCC_WARN_UNUSED_FUNCTION = YES;
				GCC_WARN_UNUSED_VARIABLE = YES;
				IPHONEOS_DEPLOYMENT_TARGET = 14.2;
				MTL_ENABLE_DEBUG_INFO = NO;
				MTL_FAST_MATH = YES;
				SDKROOT = iphoneos;
				SWIFT_COMPILATION_MODE = wholemodule;
				SWIFT_OPTIMIZATION_LEVEL = "-O";
				VALIDATE_PRODUCT = YES;
			};
			name = Release;
		};
		69EE1C5D25778B55003EAEDC /* Debug */ = {
			isa = XCBuildConfiguration;
			buildSettings = {
				ASSETCATALOG_COMPILER_APPICON_NAME = AppIcon;
				ASSETCATALOG_COMPILER_GLOBAL_ACCENT_COLOR_NAME = AccentColor;
				CODE_SIGN_STYLE = Automatic;
				INFOPLIST_FILE = "SAP group 12/Info.plist";
				LD_RUNPATH_SEARCH_PATHS = (
					"$(inherited)",
					"@executable_path/Frameworks",
				);
				PRODUCT_BUNDLE_IDENTIFIER = "-.SAP-group-12";
				PRODUCT_NAME = "$(TARGET_NAME)";
				SWIFT_VERSION = 5.0;
				TARGETED_DEVICE_FAMILY = "1,2";
			};
			name = Debug;
		};
		69EE1C5E25778B55003EAEDC /* Release */ = {
			isa = XCBuildConfiguration;
			buildSettings = {
				ASSETCATALOG_COMPILER_APPICON_NAME = AppIcon;
				ASSETCATALOG_COMPILER_GLOBAL_ACCENT_COLOR_NAME = AccentColor;
				CODE_SIGN_STYLE = Automatic;
				INFOPLIST_FILE = "SAP group 12/Info.plist";
				LD_RUNPATH_SEARCH_PATHS = (
					"$(inherited)",
					"@executable_path/Frameworks",
				);
				PRODUCT_BUNDLE_IDENTIFIER = "-.SAP-group-12";
				PRODUCT_NAME = "$(TARGET_NAME)";
				SWIFT_VERSION = 5.0;
				TARGETED_DEVICE_FAMILY = "1,2";
			};
			name = Release;
		};
/* End XCBuildConfiguration section */

/* Begin XCConfigurationList section */
		69EE1C4325778B50003EAEDC /* Build configuration list for PBXProject "SAP group 12" */ = {
			isa = XCConfigurationList;
			buildConfigurations = (
				69EE1C5A25778B55003EAEDC /* Debug */,
				69EE1C5B25778B55003EAEDC /* Release */,
			);
			defaultConfigurationIsVisible = 0;
			defaultConfigurationName = Release;
		};
		69EE1C5C25778B55003EAEDC /* Build configuration list for PBXNativeTarget "SAP group 12" */ = {
			isa = XCConfigurationList;
			buildConfigurations = (
				69EE1C5D25778B55003EAEDC /* Debug */,
				69EE1C5E25778B55003EAEDC /* Release */,
			);
			defaultConfigurationIsVisible = 0;
			defaultConfigurationName = Release;
		};
/* End XCConfigurationList section */
	};
	rootObject = 69EE1C4025778B50003EAEDC /* Project object */;
}
